
Microsoft Visual Studio Solution File, Format Version 12.00
# Visual Studio Version 16
VisualStudioVersion = 16.0.30011.22
MinimumVisualStudioVersion = 10.0.40219.1
Project("{9A19103F-16F7-4668-BE54-9A1E7A4F7556}") = "Goodbye", "Goodbye\Goodbye.csproj", "{CEF3D511-DBAC-4891-84E8-656A624896A3}"
EndProject
Project("{FAE04EC0-301F-11D3-BF4B-00C04F79EFBC}") = "WebApplication1", "WebApplication1\WebApplication1.csproj", "{F26A8851-146F-4C3F-8345-D6657FF6BB03}"
EndProject
Global
	GlobalSection(SolutionConfigurationPlatforms) = preSolution
		Debug|Any CPU = Debug|Any CPU
		Release|Any CPU = Release|Any CPU
	EndGlobalSection
	GlobalSection(ProjectConfigurationPlatforms) = postSolution
		{CEF3D511-DBAC-4891-84E8-656A624896A3}.Debug|Any CPU.ActiveCfg = Debug|Any CPU
		{CEF3D511-DBAC-4891-84E8-656A624896A3}.Debug|Any CPU.Build.0 = Debug|Any CPU
		{CEF3D511-DBAC-4891-84E8-656A624896A3}.Release|Any CPU.ActiveCfg = Release|Any CPU
		{CEF3D511-DBAC-4891-84E8-656A624896A3}.Release|Any CPU.Build.0 = Release|Any CPU
		{F26A8851-146F-4C3F-8345-D6657FF6BB03}.Debug|Any CPU.ActiveCfg = Debug|Any CPU
		{F26A8851-146F-4C3F-8345-D6657FF6BB03}.Debug|Any CPU.Build.0 = Debug|Any CPU
		{F26A8851-146F-4C3F-8345-D6657FF6BB03}.Release|Any CPU.ActiveCfg = Release|Any CPU
		{F26A8851-146F-4C3F-8345-D6657FF6BB03}.Release|Any CPU.Build.0 = Release|Any CPU
	EndGlobalSection
	GlobalSection(SolutionProperties) = preSolution
		HideSolutionNode = FALSE
	EndGlobalSection
	GlobalSection(ExtensibilityGlobals) = postSolution
		SolutionGuid = {B05F5B6D-A37B-4799-B59D-70B373ACC43B}
	EndGlobalSection
EndGlobal
